location: lobby-githaven:13.688:-16.466:16.251
enabled: true
display-range: 48
update-range: 48
update-interval: 20
facing: 0.0
down-origin: false
pages:
- lines:
  - content: '&b&lBehind this portal lies the Skyblock Lobby!'
    height: 0.3
  - content: '&a&lFind everything you need: food, shops, and more!'
    height: 0.3
  actions: {}
